// !$*UTF8*$!
{
	archiveVersion = 1;
	classes = {
	};
	objectVersion = 55;
	objects = {

/* Begin PBXBuildFile section */
		CC36427628C5BDAE005DB828 /* AppDelegate.swift in Sources */ = {isa = PBXBuildFile; fileRef = CC36427528C5BDAE005DB828 /* AppDelegate.swift */; };
		CC36427828C5BDAE005DB828 /* SceneDelegate.swift in Sources */ = {isa = PBXBuildFile; fileRef = CC36427728C5BDAE005DB828 /* SceneDelegate.swift */; };
		CC36427A28C5BDAE005DB828 /* ViewController.swift in Sources */ = {isa = PBXBuildFile; fileRef = CC36427928C5BDAE005DB828 /* ViewController.swift */; };
		CC36427D28C5BDAE005DB828 /* Main.storyboard in Resources */ = {isa = PBXBuildFile; fileRef = CC36427B28C5BDAE005DB828 /* Main.storyboard */; };
		CC36427F28C5BDAF005DB828 /* Assets.xcassets in Resources */ = {isa = PBXBuildFile; fileRef = CC36427E28C5BDAF005DB828 /* Assets.xcassets */; };
		CC36428228C5BDAF005DB828 /* LaunchScreen.storyboard in Resources */ = {isa = PBXBuildFile; fileRef = CC36428028C5BDAF005DB828 /* LaunchScreen.storyboard */; };
		CC56942228C5C3A700DEBFCB /* Add_ViewController.swift in Sources */ = {isa = PBXBuildFile; fileRef = CC56942128C5C3A700DEBFCB /* Add_ViewController.swift */; };
		CC56942528C5C5EF00DEBFCB /* Realm in Frameworks */ = {isa = PBXBuildFile; productRef = CC56942428C5C5EF00DEBFCB /* Realm */; };
		CC56942728C5C5EF00DEBFCB /* RealmSwift in Frameworks */ = {isa = PBXBuildFile; productRef = CC56942628C5C5EF00DEBFCB /* RealmSwift */; };
		CC56942928C5C6FC00DEBFCB /* tttodo.swift in Sources */ = {isa = PBXBuildFile; fileRef = CC56942828C5C6FC00DEBFCB /* tttodo.swift */; };
/* End PBXBuildFile section */

/* Begin PBXFileReference section */
		CC36427228C5BDAE005DB828 /* Todo_1.app */ = {isa = PBXFileReference; explicitFileType = wrapper.application; includeInIndex = 0; path = Todo_1.app; sourceTree = BUILT_PRODUCTS_DIR; };
		CC36427528C5BDAE005DB828 /* AppDelegate.swift */ = {isa = PBXFileReference; lastKnownFileType = sourcecode.swift; path = AppDelegate.swift; sourceTree = "<group>"; };
		CC36427728C5BDAE005DB828 /* SceneDelegate.swift */ = {isa = PBXFileReference; lastKnownFileType = sourcecode.swift; path = SceneDelegate.swift; sourceTree = "<group>"; };
		CC36427928C5BDAE005DB828 /* ViewController.swift */ = {isa = PBXFileReference; lastKnownFileType = sourcecode.swift; path = ViewController.swift; sourceTree = "<group>"; };
		CC36427C28C5BDAE005DB828 /* Base */ = {isa = PBXFileReference; lastKnownFileType = file.storyboard; name = Base; path = Base.lproj/Main.storyboard; sourceTree = "<group>"; };
		CC36427E28C5BDAF005DB828 /* Assets.xcassets */ = {isa = PBXFileReference; lastKnownFileType = folder.assetcatalog; path = Assets.xcassets; sourceTree = "<group>"; };
		CC36428128C5BDAF005DB828 /* Base */ = {isa = PBXFileReference; lastKnownFileType = file.storyboard; name = Base; path = Base.lproj/LaunchScreen.storyboard; sourceTree = "<group>"; };
		CC36428328C5BDAF005DB828 /* Info.plist */ = {isa = PBXFileReference; lastKnownFileType = text.plist.xml; path = Info.plist; sourceTree = "<group>"; };
		CC56942128C5C3A700DEBFCB /* Add_ViewController.swift */ = {isa = PBXFileReference; lastKnownFileType = sourcecode.swift; path = Add_ViewController.swift; sourceTree = "<group>"; };
		CC56942828C5C6FC00DEBFCB /* tttodo.swift */ = {isa = PBXFileReference; lastKnownFileType = sourcecode.swift; path = tttodo.swift; sourceTree = "<group>"; };
/* End PBXFileReference section */

/* Begin PBXFrameworksBuildPhase section */
		CC36426F28C5BDAE005DB828 /* Frameworks */ = {
			isa = PBXFrameworksBuildPhase;
			buildActionMask = 2147483647;
			files = (
				CC56942728C5C5EF00DEBFCB /* RealmSwift in Frameworks */,
				CC56942528C5C5EF00DEBFCB /* Realm in Frameworks */,
			);
			runOnlyForDeploymentPostprocessing = 0;
		};
/* End PBXFrameworksBuildPhase section */

/* Begin PBXGroup section */
		CC36426928C5BDAD005DB828 = {
			isa = PBXGroup;
			children = (
				CC36427428C5BDAE005DB828 /* Todo_1 */,
				CC36427328C5BDAE005DB828 /* Products */,
			);
			sourceTree = "<group>";
		};
		CC36427328C5BDAE005DB828 /* Products */ = {
			isa = PBXGroup;
			children = (
				CC36427228C5BDAE005DB828 /* Todo_1.app */,
			);
			name = Products;
			sourceTree = "<group>";
		};
		CC36427428C5BDAE005DB828 /* Todo_1 */ = {
			isa = PBXGroup;
			children = (
				CC36427528C5BDAE005DB828 /* AppDelegate.swift */,
				CC36427728C5BDAE005DB828 /* SceneDelegate.swift */,
				CC36427B28C5BDAE005DB828 /* Main.storyboard */,
				CC36427E28C5BDAF005DB828 /* Assets.xcassets */,
				CC36428028C5BDAF005DB828 /* LaunchScreen.storyboard */,
				CC36428328C5BDAF005DB828 /* Info.plist */,
				CC36427928C5BDAE005DB828 /* ViewController.swift */,
				CC56942128C5C3A700DEBFCB /* Add_ViewController.swift */,
				CC56942828C5C6FC00DEBFCB /* tttodo.swift */,
			);
			path = Todo_1;
			sourceTree = "<group>";
		};
/* End PBXGroup section */

/* Begin PBXNativeTarget section */
		CC36427128C5BDAE005DB828 /* Todo_1 */ = {
			isa = PBXNativeTarget;
			buildConfigurationList = CC36428628C5BDAF005DB828 /* Build configuration list for PBXNativeTarget "Todo_1" */;
			buildPhases = (
				CC36426E28C5BDAE005DB828 /* Sources */,
				CC36426F28C5BDAE005DB828 /* Frameworks */,
				CC36427028C5BDAE005DB828 /* Resources */,
			);
			buildRules = (
			);
			dependencies = (
			);
			name = Todo_1;
			packageProductDependencies = (
				CC56942428C5C5EF00DEBFCB /* Realm */,
				CC56942628C5C5EF00DEBFCB /* RealmSwift */,
			);
			productName = Todo_1;
			productReference = CC36427228C5BDAE005DB828 /* Todo_1.app */;
			productType = "com.apple.product-type.application";
		};
/* End PBXNativeTarget section */

/* Begin PBXProject section */
		CC36426A28C5BDAD005DB828 /* Project object */ = {
			isa = PBXProject;
			attributes = {
				BuildIndependentTargetsInParallel = 1;
				LastSwiftUpdateCheck = 1340;
				LastUpgradeCheck = 1340;
				TargetAttributes = {
					CC36427128C5BDAE005DB828 = {
						CreatedOnToolsVersion = 13.4.1;
					};
				};
			};
			buildConfigurationList = CC36426D28C5BDAD005DB828 /* Build configuration list for PBXProject "Todo_1" */;
			compatibilityVersion = "Xcode 13.0";
			developmentRegion = en;
			hasScannedForEncodings = 0;
			knownRegions = (
				en,
				Base,
			);
			mainGroup = CC36426928C5BDAD005DB828;
			packageReferences = (
				CC56942328C5C5EF00DEBFCB /* XCRemoteSwiftPackageReference "realm-swift" */,
			);
			productRefGroup = CC36427328C5BDAE005DB828 /* Products */;
			projectDirPath = "";
			projectRoot = "";
			targets = (
				CC36427128C5BDAE005DB828 /* Todo_1 */,
			);
		};
/* End PBXProject section */

/* Begin PBXResourcesBuildPhase section */
		CC36427028C5BDAE005DB828 /* Resources */ = {
			isa = PBXResourcesBuildPhase;
			buildActionMask = 2147483647;
			files = (
				CC36428228C5BDAF005DB828 /* LaunchScreen.storyboard in Resources */,
				CC36427F28C5BDAF005DB828 /* Assets.xcassets in Resources */,
				CC36427D28C5BDAE005DB828 /* Main.storyboard in Resources */,
			);
			runOnlyForDeploymentPostprocessing = 0;
		};
/* End PBXResourcesBuildPhase section */

/* Begin PBXSourcesBuildPhase section */
		CC36426E28C5BDAE005DB828 /* Sources */ = {
			isa = PBXSourcesBuildPhase;
			buildActionMask = 2147483647;
			files = (
				CC36427A28C5BDAE005DB828 /* ViewController.swift in Sources */,
				CC36427628C5BDAE005DB828 /* AppDelegate.swift in Sources */,
				CC56942228C5C3A700DEBFCB /* Add_ViewController.swift in Sources */,
				CC36427828C5BDAE005DB828 /* SceneDelegate.swift in Sources */,
				CC56942928C5C6FC00DEBFCB /* tttodo.swift in Sources */,
			);
			runOnlyForDeploymentPostprocessing = 0;
		};
/* End PBXSourcesBuildPhase section */

/* Begin PBXVariantGroup section */
		CC36427B28C5BDAE005DB828 /* Main.storyboard */ = {
			isa = PBXVariantGroup;
			children = (
				CC36427C28C5BDAE005DB828 /* Base */,
			);
			name = Main.storyboard;
			sourceTree = "<group>";
		};
		CC36428028C5BDAF005DB828 /* LaunchScreen.storyboard */ = {
			isa = PBXVariantGroup;
			children = (
				CC36428128C5BDAF005DB828 /* Base */,
			);
			name = LaunchScreen.storyboard;
			sourceTree = "<group>";
		};
/* End PBXVariantGroup section */

/* Begin XCBuildConfiguration section */
		CC36428428C5BDAF005DB828 /* Debug */ = {
			isa = XCBuildConfiguration;
			buildSettings = {
				ALWAYS_SEARCH_USER_PATHS = NO;
				CLANG_ANALYZER_NONNULL = YES;
				CLANG_ANALYZER_NUMBER_OBJECT_CONVERSION = YES_AGGRESSIVE;
				CLANG_CXX_LANGUAGE_STANDARD = "gnu++17";
				CLANG_ENABLE_MODULES = YES;
				CLANG_ENABLE_OBJC_ARC = YES;
				CLANG_ENABLE_OBJC_WEAK = YES;
				CLANG_WARN_BLOCK_CAPTURE_AUTORELEASING = YES;
				CLANG_WARN_BOOL_CONVERSION = YES;
				CLANG_WARN_COMMA = YES;
				CLANG_WARN_CONSTANT_CONVERSION = YES;
				CLANG_WARN_DEPRECATED_OBJC_IMPLEMENTATIONS = YES;
				CLANG_WARN_DIRECT_OBJC_ISA_USAGE = YES_ERROR;
				CLANG_WARN_DOCUMENTATION_COMMENTS = YES;
				CLANG_WARN_EMPTY_BODY = YES;
				CLANG_WARN_ENUM_CONVERSION = YES;
				CLANG_WARN_INFINITE_RECURSION = YES;
				CLANG_WARN_INT_CONVERSION = YES;
				CLANG_WARN_NON_LITERAL_NULL_CONVERSION = YES;
				CLANG_WARN_OBJC_IMPLICIT_RETAIN_SELF = YES;
				CLANG_WARN_OBJC_LITERAL_CONVERSION = YES;
				CLANG_WARN_OBJC_ROOT_CLASS = YES_ERROR;
				CLANG_WARN_QUOTED_INCLUDE_IN_FRAMEWORK_HEADER = YES;
				CLANG_WARN_RANGE_LOOP_ANALYSIS = YES;
				CLANG_WARN_STRICT_PROTOTYPES = YES;
				CLANG_WARN_SUSPICIOUS_MOVE = YES;
				CLANG_WARN_UNGUARDED_AVAILABILITY = YES_AGGRESSIVE;
				CLANG_WARN_UNREACHABLE_CODE = YES;
				CLANG_WARN__DUPLICATE_METHOD_MATCH = YES;
				COPY_PHASE_STRIP = NO;
				DEBUG_INFORMATION_FORMAT = dwarf;
				ENABLE_STRICT_OBJC_MSGSEND = YES;
				ENABLE_TESTABILITY = YES;
				GCC_C_LANGUAGE_STANDARD = gnu11;
				GCC_DYNAMIC_NO_PIC = NO;
				GCC_NO_COMMON_BLOCKS = YES;
				GCC_OPTIMIZATION_LEVEL = 0;
				GCC_PREPROCESSOR_DEFINITIONS = (
					"DEBUG=1",
					"$(inherited)",
				);
				GCC_WARN_64_TO_32_BIT_CONVERSION = YES;
				GCC_WARN_ABOUT_RETURN_TYPE = YES_ERROR;
				GCC_WARN_UNDECLARED_SELECTOR = YES;
				GCC_WARN_UNINITIALIZED_AUTOS = YES_AGGRESSIVE;
				GCC_WARN_UNUSED_FUNCTION = YES;
				GCC_WARN_UNUSED_VARIABLE = YES;
				IPHONEOS_DEPLOYMENT_TARGET = 15.5;
				MTL_ENABLE_DEBUG_INFO = INCLUDE_SOURCE;
				MTL_FAST_MATH = YES;
				ONLY_ACTIVE_ARCH = YES;
				SDKROOT = iphoneos;
				SWIFT_ACTIVE_COMPILATION_CONDITIONS = DEBUG;
				SWIFT_OPTIMIZATION_LEVEL = "-Onone";
			};
			name = Debug;
		};
		CC36428528C5BDAF005DB828 /* Release */ = {
			isa = XCBuildConfiguration;
			buildSettings = {
				ALWAYS_SEARCH_USER_PATHS = NO;
				CLANG_ANALYZER_NONNULL = YES;
				CLANG_ANALYZER_NUMBER_OBJECT_CONVERSION = YES_AGGRESSIVE;
				CLANG_CXX_LANGUAGE_STANDARD = "gnu++17";
				CLANG_ENABLE_MODULES = YES;
				CLANG_ENABLE_OBJC_ARC = YES;
				CLANG_ENABLE_OBJC_WEAK = YES;
				CLANG_WARN_BLOCK_CAPTURE_AUTORELEASING = YES;
				CLANG_WARN_BOOL_CONVERSION = YES;
				CLANG_WARN_COMMA = YES;
				CLANG_WARN_CONSTANT_CONVERSION = YES;
				CLANG_WARN_DEPRECATED_OBJC_IMPLEMENTATIONS = YES;
				CLANG_WARN_DIRECT_OBJC_ISA_USAGE = YES_ERROR;
				CLANG_WARN_DOCUMENTATION_COMMENTS = YES;
				CLANG_WARN_EMPTY_BODY = YES;
				CLANG_WARN_ENUM_CONVERSION = YES;
				CLANG_WARN_INFINITE_RECURSION = YES;
				CLANG_WARN_INT_CONVERSION = YES;
				CLANG_WARN_NON_LITERAL_NULL_CONVERSION = YES;
				CLANG_WARN_OBJC_IMPLICIT_RETAIN_SELF = YES;
				CLANG_WARN_OBJC_LITERAL_CONVERSION = YES;
				CLANG_WARN_OBJC_ROOT_CLASS = YES_ERROR;
				CLANG_WARN_QUOTED_INCLUDE_IN_FRAMEWORK_HEADER = YES;
				CLANG_WARN_RANGE_LOOP_ANALYSIS = YES;
				CLANG_WARN_STRICT_PROTOTYPES = YES;
				CLANG_WARN_SUSPICIOUS_MOVE = YES;
				CLANG_WARN_UNGUARDED_AVAILABILITY = YES_AGGRESSIVE;
				CLANG_WARN_UNREACHABLE_CODE = YES;
				CLANG_WARN__DUPLICATE_METHOD_MATCH = YES;
				COPY_PHASE_STRIP = NO;
				DEBUG_INFORMATION_FORMAT = "dwarf-with-dsym";
				ENABLE_NS_ASSERTIONS = NO;
				ENABLE_STRICT_OBJC_MSGSEND = YES;
				GCC_C_LANGUAGE_STANDARD = gnu11;
				GCC_NO_COMMON_BLOCKS = YES;
				GCC_WARN_64_TO_32_BIT_CONVERSION = YES;
				GCC_WARN_ABOUT_RETURN_TYPE = YES_ERROR;
				GCC_WARN_UNDECLARED_SELECTOR = YES;
				GCC_WARN_UNINITIALIZED_AUTOS = YES_AGGRESSIVE;
				GCC_WARN_UNUSED_FUNCTION = YES;
				GCC_WARN_UNUSED_VARIABLE = YES;
				IPHONEOS_DEPLOYMENT_TARGET = 15.5;
				MTL_ENABLE_DEBUG_INFO = NO;
				MTL_FAST_MATH = YES;
				SDKROOT = iphoneos;
				SWIFT_COMPILATION_MODE = wholemodule;
				SWIFT_OPTIMIZATION_LEVEL = "-O";
				VALIDATE_PRODUCT = YES;
			};
			name = Release;
		};
		CC36428728C5BDAF005DB828 /* Debug */ = {
			isa = XCBuildConfiguration;
			buildSettings = {
				ASSETCATALOG_COMPILER_APPICON_NAME = AppIcon;
				ASSETCATALOG_COMPILER_GLOBAL_ACCENT_COLOR_NAME = AccentColor;
				CODE_SIGN_STYLE = Automatic;
				CURRENT_PROJECT_VERSION = 1;
				GENERATE_INFOPLIST_FILE = YES;
				INFOPLIST_FILE = Todo_1/Info.plist;
				INFOPLIST_KEY_UIApplicationSupportsIndirectInputEvents = YES;
				INFOPLIST_KEY_UILaunchStoryboardName = LaunchScreen;
				INFOPLIST_KEY_UIMainStoryboardFile = Main;
				INFOPLIST_KEY_UISupportedInterfaceOrientations_iPad = "UIInterfaceOrientationPortrait UIInterfaceOrientationPortraitUpsideDown UIInterfaceOrientationLandscapeLeft UIInterfaceOrientationLandscapeRight";
				INFOPLIST_KEY_UISupportedInterfaceOrientations_iPhone = "UIInterfaceOrientationPortrait UIInterfaceOrientationLandscapeLeft UIInterfaceOrientationLandscapeRight";
				LD_RUNPATH_SEARCH_PATHS = (
					"$(inherited)",
					"@executable_path/Frameworks",
				);
				MARKETING_VERSION = 1.0;
				PRODUCT_BUNDLE_IDENTIFIER = "app.Tolui.akari.Todo-1";
				PRODUCT_NAME = "$(TARGET_NAME)";
				SWIFT_EMIT_LOC_STRINGS = YES;
				SWIFT_VERSION = 5.0;
				TARGETED_DEVICE_FAMILY = "1,2";
			};
			name = Debug;
		};
		CC36428828C5BDAF005DB828 /* Release */ = {
			isa = XCBuildConfiguration;
			buildSettings = {
				ASSETCATALOG_COMPILER_APPICON_NAME = AppIcon;
				ASSETCATALOG_COMPILER_GLOBAL_ACCENT_COLOR_NAME = AccentColor;
				CODE_SIGN_STYLE = Automatic;
				CURRENT_PROJECT_VERSION = 1;
				GENERATE_INFOPLIST_FILE = YES;
				INFOPLIST_FILE = Todo_1/Info.plist;
				INFOPLIST_KEY_UIApplicationSupportsIndirectInputEvents = YES;
				INFOPLIST_KEY_UILaunchStoryboardName = LaunchScreen;
				INFOPLIST_KEY_UIMainStoryboardFile = Main;
				INFOPLIST_KEY_UISupportedInterfaceOrientations_iPad = "UIInterfaceOrientationPortrait UIInterfaceOrientationPortraitUpsideDown UIInterfaceOrientationLandscapeLeft UIInterfaceOrientationLandscapeRight";
				INFOPLIST_KEY_UISupportedInterfaceOrientations_iPhone = "UIInterfaceOrientationPortrait UIInterfaceOrientationLandscapeLeft UIInterfaceOrientationLandscapeRight";
				LD_RUNPATH_SEARCH_PATHS = (
					"$(inherited)",
					"@executable_path/Frameworks",
				);
				MARKETING_VERSION = 1.0;
				PRODUCT_BUNDLE_IDENTIFIER = "app.Tolui.akari.Todo-1";
				PRODUCT_NAME = "$(TARGET_NAME)";
				SWIFT_EMIT_LOC_STRINGS = YES;
				SWIFT_VERSION = 5.0;
				TARGETED_DEVICE_FAMILY = "1,2";
			};
			name = Release;
		};
/* End XCBuildConfiguration section */

/* Begin XCConfigurationList section */
		CC36426D28C5BDAD005DB828 /* Build configuration list for PBXProject "Todo_1" */ = {
			isa = XCConfigurationList;
			buildConfigurations = (
				CC36428428C5BDAF005DB828 /* Debug */,
				CC36428528C5BDAF005DB828 /* Release */,
			);
			defaultConfigurationIsVisible = 0;
			defaultConfigurationName = Release;
		};
		CC36428628C5BDAF005DB828 /* Build configuration list for PBXNativeTarget "Todo_1" */ = {
			isa = XCConfigurationList;
			buildConfigurations = (
				CC36428728C5BDAF005DB828 /* Debug */,
				CC36428828C5BDAF005DB828 /* Release */,
			);
			defaultConfigurationIsVisible = 0;
			defaultConfigurationName = Release;
		};
/* End XCConfigurationList section */

/* Begin XCRemoteSwiftPackageReference section */
		CC56942328C5C5EF00DEBFCB /* XCRemoteSwiftPackageReference "realm-swift" */ = {
			isa = XCRemoteSwiftPackageReference;
			repositoryURL = "https://github.com/realm/realm-swift";
			requirement = {
				kind = upToNextMajorVersion;
				minimumVersion = 10.28.7;
			};
		};
/* End XCRemoteSwiftPackageReference section */

/* Begin XCSwiftPackageProductDependency section */
		CC56942428C5C5EF00DEBFCB /* Realm */ = {
			isa = XCSwiftPackageProductDependency;
			package = CC56942328C5C5EF00DEBFCB /* XCRemoteSwiftPackageReference "realm-swift" */;
			productName = Realm;
		};
		CC56942628C5C5EF00DEBFCB /* RealmSwift */ = {
			isa = XCSwiftPackageProductDependency;
			package = CC56942328C5C5EF00DEBFCB /* XCRemoteSwiftPackageReference "realm-swift" */;
			productName = RealmSwift;
		};
/* End XCSwiftPackageProductDependency section */
	};
	rootObject = CC36426A28C5BDAD005DB828 /* Project object */;
}
